
Microsoft Visual Studio Solution File, Format Version 12.00
# Visual Studio Version 16
VisualStudioVersion = 16.0.31729.503
MinimumVisualStudioVersion = 10.0.40219.1
Project("{FAE04EC0-301F-11D3-BF4B-00C04F79EFBC}") = "No_Staff_Menu-Customer", "No_Staff_Menu-Customer.csproj", "{36FDAD20-BE46-4C35-A2B3-68069BF9591A}"
EndProject
Global
	GlobalSection(SolutionConfigurationPlatforms) = preSolution
		Debug|Any CPU = Debug|Any CPU
		Release|Any CPU = Release|Any CPU
	EndGlobalSection
	GlobalSection(ProjectConfigurationPlatforms) = postSolution
		{36FDAD20-BE46-4C35-A2B3-68069BF9591A}.Debug|Any CPU.ActiveCfg = Debug|Any CPU
		{36FDAD20-BE46-4C35-A2B3-68069BF9591A}.Debug|Any CPU.Build.0 = Debug|Any CPU
		{36FDAD20-BE46-4C35-A2B3-68069BF9591A}.Release|Any CPU.ActiveCfg = Release|Any CPU
		{36FDAD20-BE46-4C35-A2B3-68069BF9591A}.Release|Any CPU.Build.0 = Release|Any CPU
	EndGlobalSection
	GlobalSection(SolutionProperties) = preSolution
		HideSolutionNode = FALSE
	EndGlobalSection
	GlobalSection(ExtensibilityGlobals) = postSolution
		SolutionGuid = {6E93F2A7-5F47-40D1-975B-58A7DE3A0E87}
	EndGlobalSection
EndGlobal
